# This file is autogenerated, do not edit; changes may be undone by the next 'dep ensure'.


[[projects]]
  name = "github.com/Workiva/go-datastructures"
  packages = ["queue"]
  revision = "9937fb49a4885795838b31eef9cc237820f0dcff"
  version = "v1.0.43"

[[projects]]
  branch = "master"
  name = "github.com/golang/glog"
  packages = ["."]
  revision = "23def4e6c14b4da8ac2ed8007337bc5eb5007998"

[[projects]]
  branch = "master"
  name = "github.com/zhuangsirui/binpacker"
  packages = ["."]
  revision = "08a1b297435a414bec3ccf4215ff546dba418159"

[solve-meta]
  analyzer-name = "dep"
  analyzer-version = 1
  inputs-digest = "6b6d4ef260feb48ef4c81797a8b8a566fc865ffea855303a7fd875f9c5096da6"
  solver-name = "gps-cdcl"
  solver-version = 1
